
Microsoft Visual Studio Solution File, Format Version 12.00
# Visual Studio Version 16
VisualStudioVersion = 16.0.30114.105
MinimumVisualStudioVersion = 10.0.40219.1
Project("{2150E333-8FDC-42A3-9474-1A3956D46DE8}") = "src", "src", "{B1BB9BBF-4AD6-47D1-A955-3C25425B1B5C}"
EndProject
Project("{9A19103F-16F7-4668-BE54-9A1E7A4F7556}") = "Blog.Api", "src\Blog.Api\Blog.Api.csproj", "{B0FA2845-1940-492D-8DFE-3D92B321DBAF}"
EndProject
Project("{2150E333-8FDC-42A3-9474-1A3956D46DE8}") = "Solution Items", "Solution Items", "{948F5F1E-E745-45E3-8829-82ADE0A34FB9}"
	ProjectSection(SolutionItems) = preProject
		clisettings.json = clisettings.json
	EndProjectSection
EndProject
Project("{2150E333-8FDC-42A3-9474-1A3956D46DE8}") = "test", "test", "{FE70C9B9-11DF-41E9-AB2E-0E38B6805E4B}"
EndProject
Project("{FAE04EC0-301F-11D3-BF4B-00C04F79EFBC}") = "Blog.UnitTests", "test\Blog.UnitTests\Blog.UnitTests.csproj", "{928A83D2-51DE-423A-BAF4-F82F9292133B}"
EndProject
Project("{FAE04EC0-301F-11D3-BF4B-00C04F79EFBC}") = "Blog.Testing", "test\Blog.Testing\Blog.Testing.csproj", "{5020AAB5-C97C-4545-87CE-9969D394CDD0}"
EndProject
Global
	GlobalSection(SolutionConfigurationPlatforms) = preSolution
		Debug|Any CPU = Debug|Any CPU
		Release|Any CPU = Release|Any CPU
	EndGlobalSection
	GlobalSection(ProjectConfigurationPlatforms) = postSolution
		{B0FA2845-1940-492D-8DFE-3D92B321DBAF}.Debug|Any CPU.ActiveCfg = Debug|Any CPU
		{B0FA2845-1940-492D-8DFE-3D92B321DBAF}.Debug|Any CPU.Build.0 = Debug|Any CPU
		{B0FA2845-1940-492D-8DFE-3D92B321DBAF}.Release|Any CPU.ActiveCfg = Release|Any CPU
		{B0FA2845-1940-492D-8DFE-3D92B321DBAF}.Release|Any CPU.Build.0 = Release|Any CPU
		{928A83D2-51DE-423A-BAF4-F82F9292133B}.Debug|Any CPU.ActiveCfg = Debug|Any CPU
		{928A83D2-51DE-423A-BAF4-F82F9292133B}.Debug|Any CPU.Build.0 = Debug|Any CPU
		{928A83D2-51DE-423A-BAF4-F82F9292133B}.Release|Any CPU.ActiveCfg = Release|Any CPU
		{928A83D2-51DE-423A-BAF4-F82F9292133B}.Release|Any CPU.Build.0 = Release|Any CPU
		{5020AAB5-C97C-4545-87CE-9969D394CDD0}.Debug|Any CPU.ActiveCfg = Debug|Any CPU
		{5020AAB5-C97C-4545-87CE-9969D394CDD0}.Debug|Any CPU.Build.0 = Debug|Any CPU
		{5020AAB5-C97C-4545-87CE-9969D394CDD0}.Release|Any CPU.ActiveCfg = Release|Any CPU
		{5020AAB5-C97C-4545-87CE-9969D394CDD0}.Release|Any CPU.Build.0 = Release|Any CPU
	EndGlobalSection
	GlobalSection(SolutionProperties) = preSolution
		HideSolutionNode = FALSE
	EndGlobalSection
	GlobalSection(NestedProjects) = preSolution
		{B0FA2845-1940-492D-8DFE-3D92B321DBAF} = {B1BB9BBF-4AD6-47D1-A955-3C25425B1B5C}
		{928A83D2-51DE-423A-BAF4-F82F9292133B} = {FE70C9B9-11DF-41E9-AB2E-0E38B6805E4B}
		{5020AAB5-C97C-4545-87CE-9969D394CDD0} = {FE70C9B9-11DF-41E9-AB2E-0E38B6805E4B}
	EndGlobalSection
	GlobalSection(ExtensibilityGlobals) = postSolution
		SolutionGuid = {27D73459-2DD0-4BEE-ABAD-7710890F4E40}
	EndGlobalSection
EndGlobal
